
Microsoft Visual Studio Solution File, Format Version 12.00
# Visual Studio Version 17
VisualStudioVersion = 17.4.33213.308
MinimumVisualStudioVersion = 10.0.40219.1
Project("{8BC9CEB8-8B4A-11D0-8D11-00A0C91BC942}") = "Minesweeper-Clone", "Minesweeper-Clone.vcxproj", "{A24F7BEB-A49A-40CA-A350-65D21923BDD1}"
EndProject
Global
	GlobalSection(SolutionConfigurationPlatforms) = preSolution
		Debug|x64 = Debug|x64
		Debug|x86 = Debug|x86
		Release|x64 = Release|x64
		Release|x86 = Release|x86
	EndGlobalSection
	GlobalSection(ProjectConfigurationPlatforms) = postSolution
		{A24F7BEB-A49A-40CA-A350-65D21923BDD1}.Debug|x64.ActiveCfg = Debug|x64
		{A24F7BEB-A49A-40CA-A350-65D21923BDD1}.Debug|x64.Build.0 = Debug|x64
		{A24F7BEB-A49A-40CA-A350-65D21923BDD1}.Debug|x86.ActiveCfg = Debug|Win32
		{A24F7BEB-A49A-40CA-A350-65D21923BDD1}.Debug|x86.Build.0 = Debug|Win32
		{A24F7BEB-A49A-40CA-A350-65D21923BDD1}.Release|x64.ActiveCfg = Release|x64
		{A24F7BEB-A49A-40CA-A350-65D21923BDD1}.Release|x64.Build.0 = Release|x64
		{A24F7BEB-A49A-40CA-A350-65D21923BDD1}.Release|x86.ActiveCfg = Release|Win32
		{A24F7BEB-A49A-40CA-A350-65D21923BDD1}.Release|x86.Build.0 = Release|Win32
	EndGlobalSection
	GlobalSection(SolutionProperties) = preSolution
		HideSolutionNode = FALSE
	EndGlobalSection
	GlobalSection(ExtensibilityGlobals) = postSolution
		SolutionGuid = {6802340D-EC47-4959-A12C-70C3F24A80DC}
	EndGlobalSection
EndGlobal
